
Microsoft Visual Studio Solution File, Format Version 12.00
# Visual Studio 2013
VisualStudioVersion = 12.0.21005.1
MinimumVisualStudioVersion = 10.0.40219.1
Project("{FAE04EC0-301F-11D3-BF4B-00C04F79EFBC}") = "System.Core+", "System.Core+\System.Core+.csproj", "{B17898C2-8387-44DF-A04E-F3A06F145659}"
EndProject
Project("{FAE04EC0-301F-11D3-BF4B-00C04F79EFBC}") = "System.Core+.Test", "System.Core+.Test\System.Core+.Test.csproj", "{47BFE0AC-159F-4518-BF39-44B95F180118}"
EndProject
Global
	GlobalSection(SolutionConfigurationPlatforms) = preSolution
		Debug|Any CPU = Debug|Any CPU
		Release|Any CPU = Release|Any CPU
	EndGlobalSection
	GlobalSection(ProjectConfigurationPlatforms) = postSolution
		{B17898C2-8387-44DF-A04E-F3A06F145659}.Debug|Any CPU.ActiveCfg = Debug|Any CPU
		{B17898C2-8387-44DF-A04E-F3A06F145659}.Debug|Any CPU.Build.0 = Debug|Any CPU
		{B17898C2-8387-44DF-A04E-F3A06F145659}.Release|Any CPU.ActiveCfg = Release|Any CPU
		{B17898C2-8387-44DF-A04E-F3A06F145659}.Release|Any CPU.Build.0 = Release|Any CPU
		{47BFE0AC-159F-4518-BF39-44B95F180118}.Debug|Any CPU.ActiveCfg = Debug|Any CPU
		{47BFE0AC-159F-4518-BF39-44B95F180118}.Debug|Any CPU.Build.0 = Debug|Any CPU
		{47BFE0AC-159F-4518-BF39-44B95F180118}.Release|Any CPU.ActiveCfg = Release|Any CPU
		{47BFE0AC-159F-4518-BF39-44B95F180118}.Release|Any CPU.Build.0 = Release|Any CPU
	EndGlobalSection
	GlobalSection(SolutionProperties) = preSolution
		HideSolutionNode = FALSE
	EndGlobalSection
EndGlobal
